// !$*UTF8*$!
{
	archiveVersion = 1;
	classes = {
	};
	objectVersion = 46;
	objects = {

/* Begin PBXBuildFile section */
		EFA7D246156814D500F78B63 /* UIKit.framework in Frameworks */ = {isa = PBXBuildFile; fileRef = EFA7D245156814D500F78B63 /* UIKit.framework */; };
		EFA7D248156814D500F78B63 /* Foundation.framework in Frameworks */ = {isa = PBXBuildFile; fileRef = EFA7D247156814D500F78B63 /* Foundation.framework */; };
		EFA7D24A156814D500F78B63 /* CoreGraphics.framework in Frameworks */ = {isa = PBXBuildFile; fileRef = EFA7D249156814D500F78B63 /* CoreGraphics.framework */; };
		EFA7D250156814D500F78B63 /* InfoPlist.strings in Resources */ = {isa = PBXBuildFile; fileRef = EFA7D24E156814D500F78B63 /* InfoPlist.strings */; };
		EFA7D252156814D500F78B63 /* main.m in Sources */ = {isa = PBXBuildFile; fileRef = EFA7D251156814D500F78B63 /* main.m */; };
		EFA7D256156814D500F78B63 /* RPAppDelegate.m in Sources */ = {isa = PBXBuildFile; fileRef = EFA7D255156814D500F78B63 /* RPAppDelegate.m */; };
		EFA7D259156814D500F78B63 /* MainStoryboard_iPhone.storyboard in Resources */ = {isa = PBXBuildFile; fileRef = EFA7D257156814D500F78B63 /* MainStoryboard_iPhone.storyboard */; };
		EFA7D25C156814D500F78B63 /* MainStoryboard_iPad.storyboard in Resources */ = {isa = PBXBuildFile; fileRef = EFA7D25A156814D500F78B63 /* MainStoryboard_iPad.storyboard */; };
		EFA7D25F156814D500F78B63 /* RPViewController.m in Sources */ = {isa = PBXBuildFile; fileRef = EFA7D25E156814D500F78B63 /* RPViewController.m */; };
		EFA7D2681568156200F78B63 /* RPSpinner.m in Sources */ = {isa = PBXBuildFile; fileRef = EFA7D2671568156200F78B63 /* RPSpinner.m */; };
		EFA7D26B156815D200F78B63 /* RPSpinnerCell.m in Sources */ = {isa = PBXBuildFile; fileRef = EFA7D26A156815D200F78B63 /* RPSpinnerCell.m */; };
/* End PBXBuildFile section */

/* Begin PBXFileReference section */
		EFA7D241156814D500F78B63 /* RPSpinnerDemo.app */ = {isa = PBXFileReference; explicitFileType = wrapper.application; includeInIndex = 0; path = RPSpinnerDemo.app; sourceTree = BUILT_PRODUCTS_DIR; };
		EFA7D245156814D500F78B63 /* UIKit.framework */ = {isa = PBXFileReference; lastKnownFileType = wrapper.framework; name = UIKit.framework; path = System/Library/Frameworks/UIKit.framework; sourceTree = SDKROOT; };
		EFA7D247156814D500F78B63 /* Foundation.framework */ = {isa = PBXFileReference; lastKnownFileType = wrapper.framework; name = Foundation.framework; path = System/Library/Frameworks/Foundation.framework; sourceTree = SDKROOT; };
		EFA7D249156814D500F78B63 /* CoreGraphics.framework */ = {isa = PBXFileReference; lastKnownFileType = wrapper.framework; name = CoreGraphics.framework; path = System/Library/Frameworks/CoreGraphics.framework; sourceTree = SDKROOT; };
		EFA7D24D156814D500F78B63 /* RPSpinnerDemo-Info.plist */ = {isa = PBXFileReference; lastKnownFileType = text.plist.xml; path = "RPSpinnerDemo-Info.plist"; sourceTree = "<group>"; };
		EFA7D24F156814D500F78B63 /* en */ = {isa = PBXFileReference; lastKnownFileType = text.plist.strings; name = en; path = en.lproj/InfoPlist.strings; sourceTree = "<group>"; };
		EFA7D251156814D500F78B63 /* main.m */ = {isa = PBXFileReference; lastKnownFileType = sourcecode.c.objc; path = main.m; sourceTree = "<group>"; };
		EFA7D253156814D500F78B63 /* RPSpinnerDemo-Prefix.pch */ = {isa = PBXFileReference; lastKnownFileType = sourcecode.c.h; path = "RPSpinnerDemo-Prefix.pch"; sourceTree = "<group>"; };
		EFA7D254156814D500F78B63 /* RPAppDelegate.h */ = {isa = PBXFileReference; lastKnownFileType = sourcecode.c.h; path = RPAppDelegate.h; sourceTree = "<group>"; };
		EFA7D255156814D500F78B63 /* RPAppDelegate.m */ = {isa = PBXFileReference; lastKnownFileType = sourcecode.c.objc; path = RPAppDelegate.m; sourceTree = "<group>"; };
		EFA7D258156814D500F78B63 /* en */ = {isa = PBXFileReference; lastKnownFileType = file.storyboard; name = en; path = en.lproj/MainStoryboard_iPhone.storyboard; sourceTree = "<group>"; };
		EFA7D25B156814D500F78B63 /* en */ = {isa = PBXFileReference; lastKnownFileType = file.storyboard; name = en; path = en.lproj/MainStoryboard_iPad.storyboard; sourceTree = "<group>"; };
		EFA7D25D156814D500F78B63 /* RPViewController.h */ = {isa = PBXFileReference; lastKnownFileType = sourcecode.c.h; path = RPViewController.h; sourceTree = "<group>"; };
		EFA7D25E156814D500F78B63 /* RPViewController.m */ = {isa = PBXFileReference; lastKnownFileType = sourcecode.c.objc; path = RPViewController.m; sourceTree = "<group>"; };
		EFA7D2661568156200F78B63 /* RPSpinner.h */ = {isa = PBXFileReference; fileEncoding = 4; lastKnownFileType = sourcecode.c.h; name = RPSpinner.h; path = RPSpinner/RPSpinner.h; sourceTree = "<group>"; };
		EFA7D2671568156200F78B63 /* RPSpinner.m */ = {isa = PBXFileReference; fileEncoding = 4; lastKnownFileType = sourcecode.c.objc; name = RPSpinner.m; path = RPSpinner/RPSpinner.m; sourceTree = "<group>"; };
		EFA7D269156815D200F78B63 /* RPSpinnerCell.h */ = {isa = PBXFileReference; fileEncoding = 4; lastKnownFileType = sourcecode.c.h; name = RPSpinnerCell.h; path = RPSpinner/RPSpinnerCell.h; sourceTree = "<group>"; };
		EFA7D26A156815D200F78B63 /* RPSpinnerCell.m */ = {isa = PBXFileReference; fileEncoding = 4; lastKnownFileType = sourcecode.c.objc; name = RPSpinnerCell.m; path = RPSpinner/RPSpinnerCell.m; sourceTree = "<group>"; };
/* End PBXFileReference section */

/* Begin PBXFrameworksBuildPhase section */
		EFA7D23E156814D500F78B63 /* Frameworks */ = {
			isa = PBXFrameworksBuildPhase;
			buildActionMask = 2147483647;
			files = (
				EFA7D246156814D500F78B63 /* UIKit.framework in Frameworks */,
				EFA7D248156814D500F78B63 /* Foundation.framework in Frameworks */,
				EFA7D24A156814D500F78B63 /* CoreGraphics.framework in Frameworks */,
			);
			runOnlyForDeploymentPostprocessing = 0;
		};
/* End PBXFrameworksBuildPhase section */

/* Begin PBXGroup section */
		EFA7D236156814D500F78B63 = {
			isa = PBXGroup;
			children = (
				EFA7D24B156814D500F78B63 /* RPSpinnerDemo */,
				EFA7D244156814D500F78B63 /* Frameworks */,
				EFA7D242156814D500F78B63 /* Products */,
			);
			sourceTree = "<group>";
		};
		EFA7D242156814D500F78B63 /* Products */ = {
			isa = PBXGroup;
			children = (
				EFA7D241156814D500F78B63 /* RPSpinnerDemo.app */,
			);
			name = Products;
			sourceTree = "<group>";
		};
		EFA7D244156814D500F78B63 /* Frameworks */ = {
			isa = PBXGroup;
			children = (
				EFA7D245156814D500F78B63 /* UIKit.framework */,
				EFA7D247156814D500F78B63 /* Foundation.framework */,
				EFA7D249156814D500F78B63 /* CoreGraphics.framework */,
			);
			name = Frameworks;
			sourceTree = "<group>";
		};
		EFA7D24B156814D500F78B63 /* RPSpinnerDemo */ = {
			isa = PBXGroup;
			children = (
				EFA7D254156814D500F78B63 /* RPAppDelegate.h */,
				EFA7D255156814D500F78B63 /* RPAppDelegate.m */,
				EFA7D257156814D500F78B63 /* MainStoryboard_iPhone.storyboard */,
				EFA7D25A156814D500F78B63 /* MainStoryboard_iPad.storyboard */,
				EFA7D25D156814D500F78B63 /* RPViewController.h */,
				EFA7D25E156814D500F78B63 /* RPViewController.m */,
				EFA7D2651568151500F78B63 /* RPSpinner */,
				EFA7D24C156814D500F78B63 /* Supporting Files */,
			);
			path = RPSpinnerDemo;
			sourceTree = "<group>";
		};
		EFA7D24C156814D500F78B63 /* Supporting Files */ = {
			isa = PBXGroup;
			children = (
				EFA7D24D156814D500F78B63 /* RPSpinnerDemo-Info.plist */,
				EFA7D24E156814D500F78B63 /* InfoPlist.strings */,
				EFA7D251156814D500F78B63 /* main.m */,
				EFA7D253156814D500F78B63 /* RPSpinnerDemo-Prefix.pch */,
			);
			name = "Supporting Files";
			sourceTree = "<group>";
		};
		EFA7D2651568151500F78B63 /* RPSpinner */ = {
			isa = PBXGroup;
			children = (
				EFA7D2661568156200F78B63 /* RPSpinner.h */,
				EFA7D2671568156200F78B63 /* RPSpinner.m */,
				EFA7D269156815D200F78B63 /* RPSpinnerCell.h */,
				EFA7D26A156815D200F78B63 /* RPSpinnerCell.m */,
			);
			name = RPSpinner;
			sourceTree = "<group>";
		};
/* End PBXGroup section */

/* Begin PBXNativeTarget section */
		EFA7D240156814D500F78B63 /* RPSpinnerDemo */ = {
			isa = PBXNativeTarget;
			buildConfigurationList = EFA7D262156814D500F78B63 /* Build configuration list for PBXNativeTarget "RPSpinnerDemo" */;
			buildPhases = (
				EFA7D23D156814D500F78B63 /* Sources */,
				EFA7D23E156814D500F78B63 /* Frameworks */,
				EFA7D23F156814D500F78B63 /* Resources */,
			);
			buildRules = (
			);
			dependencies = (
			);
			name = RPSpinnerDemo;
			productName = RPSpinnerDemo;
			productReference = EFA7D241156814D500F78B63 /* RPSpinnerDemo.app */;
			productType = "com.apple.product-type.application";
		};
/* End PBXNativeTarget section */

/* Begin PBXProject section */
		EFA7D238156814D500F78B63 /* Project object */ = {
			isa = PBXProject;
			attributes = {
				CLASSPREFIX = RP;
				LastUpgradeCheck = 0430;
				ORGANIZATIONNAME = "Frozen Fire Studios";
			};
			buildConfigurationList = EFA7D23B156814D500F78B63 /* Build configuration list for PBXProject "RPSpinnerDemo" */;
			compatibilityVersion = "Xcode 3.2";
			developmentRegion = English;
			hasScannedForEncodings = 0;
			knownRegions = (
				en,
			);
			mainGroup = EFA7D236156814D500F78B63;
			productRefGroup = EFA7D242156814D500F78B63 /* Products */;
			projectDirPath = "";
			projectRoot = "";
			targets = (
				EFA7D240156814D500F78B63 /* RPSpinnerDemo */,
			);
		};
/* End PBXProject section */

/* Begin PBXResourcesBuildPhase section */
		EFA7D23F156814D500F78B63 /* Resources */ = {
			isa = PBXResourcesBuildPhase;
			buildActionMask = 2147483647;
			files = (
				EFA7D250156814D500F78B63 /* InfoPlist.strings in Resources */,
				EFA7D259156814D500F78B63 /* MainStoryboard_iPhone.storyboard in Resources */,
				EFA7D25C156814D500F78B63 /* MainStoryboard_iPad.storyboard in Resources */,
			);
			runOnlyForDeploymentPostprocessing = 0;
		};
/* End PBXResourcesBuildPhase section */

/* Begin PBXSourcesBuildPhase section */
		EFA7D23D156814D500F78B63 /* Sources */ = {
			isa = PBXSourcesBuildPhase;
			buildActionMask = 2147483647;
			files = (
				EFA7D252156814D500F78B63 /* main.m in Sources */,
				EFA7D256156814D500F78B63 /* RPAppDelegate.m in Sources */,
				EFA7D25F156814D500F78B63 /* RPViewController.m in Sources */,
				EFA7D2681568156200F78B63 /* RPSpinner.m in Sources */,
				EFA7D26B156815D200F78B63 /* RPSpinnerCell.m in Sources */,
			);
			runOnlyForDeploymentPostprocessing = 0;
		};
/* End PBXSourcesBuildPhase section */

/* Begin PBXVariantGroup section */
		EFA7D24E156814D500F78B63 /* InfoPlist.strings */ = {
			isa = PBXVariantGroup;
			children = (
				EFA7D24F156814D500F78B63 /* en */,
			);
			name = InfoPlist.strings;
			sourceTree = "<group>";
		};
		EFA7D257156814D500F78B63 /* MainStoryboard_iPhone.storyboard */ = {
			isa = PBXVariantGroup;
			children = (
				EFA7D258156814D500F78B63 /* en */,
			);
			name = MainStoryboard_iPhone.storyboard;
			sourceTree = "<group>";
		};
		EFA7D25A156814D500F78B63 /* MainStoryboard_iPad.storyboard */ = {
			isa = PBXVariantGroup;
			children = (
				EFA7D25B156814D500F78B63 /* en */,
			);
			name = MainStoryboard_iPad.storyboard;
			sourceTree = "<group>";
		};
/* End PBXVariantGroup section */

/* Begin XCBuildConfiguration section */
		EFA7D260156814D500F78B63 /* Debug */ = {
			isa = XCBuildConfiguration;
			buildSettings = {
				ALWAYS_SEARCH_USER_PATHS = NO;
				ARCHS = "$(ARCHS_STANDARD_32_BIT)";
				CLANG_ENABLE_OBJC_ARC = YES;
				"CODE_SIGN_IDENTITY[sdk=iphoneos*]" = "iPhone Developer";
				COPY_PHASE_STRIP = NO;
				GCC_C_LANGUAGE_STANDARD = gnu99;
				GCC_DYNAMIC_NO_PIC = NO;
				GCC_OPTIMIZATION_LEVEL = 0;
				GCC_PREPROCESSOR_DEFINITIONS = (
					"DEBUG=1",
					"$(inherited)",
				);
				GCC_SYMBOLS_PRIVATE_EXTERN = NO;
				GCC_VERSION = com.apple.compilers.llvm.clang.1_0;
				GCC_WARN_ABOUT_RETURN_TYPE = YES;
				GCC_WARN_UNINITIALIZED_AUTOS = YES;
				GCC_WARN_UNUSED_VARIABLE = YES;
				IPHONEOS_DEPLOYMENT_TARGET = 5.1;
				SDKROOT = iphoneos;
				TARGETED_DEVICE_FAMILY = "1,2";
			};
			name = Debug;
		};
		EFA7D261156814D500F78B63 /* Release */ = {
			isa = XCBuildConfiguration;
			buildSettings = {
				ALWAYS_SEARCH_USER_PATHS = NO;
				ARCHS = "$(ARCHS_STANDARD_32_BIT)";
				CLANG_ENABLE_OBJC_ARC = YES;
				"CODE_SIGN_IDENTITY[sdk=iphoneos*]" = "iPhone Developer";
				COPY_PHASE_STRIP = YES;
				GCC_C_LANGUAGE_STANDARD = gnu99;
				GCC_VERSION = com.apple.compilers.llvm.clang.1_0;
				GCC_WARN_ABOUT_RETURN_TYPE = YES;
				GCC_WARN_UNINITIALIZED_AUTOS = YES;
				GCC_WARN_UNUSED_VARIABLE = YES;
				IPHONEOS_DEPLOYMENT_TARGET = 5.1;
				OTHER_CFLAGS = "-DNS_BLOCK_ASSERTIONS=1";
				SDKROOT = iphoneos;
				TARGETED_DEVICE_FAMILY = "1,2";
				VALIDATE_PRODUCT = YES;
			};
			name = Release;
		};
		EFA7D263156814D500F78B63 /* Debug */ = {
			isa = XCBuildConfiguration;
			buildSettings = {
				GCC_PRECOMPILE_PREFIX_HEADER = YES;
				GCC_PREFIX_HEADER = "RPSpinnerDemo/RPSpinnerDemo-Prefix.pch";
				INFOPLIST_FILE = "RPSpinnerDemo/RPSpinnerDemo-Info.plist";
				PRODUCT_NAME = "$(TARGET_NAME)";
				WRAPPER_EXTENSION = app;
			};
			name = Debug;
		};
		EFA7D264156814D500F78B63 /* Release */ = {
			isa = XCBuildConfiguration;
			buildSettings = {
				GCC_PRECOMPILE_PREFIX_HEADER = YES;
				GCC_PREFIX_HEADER = "RPSpinnerDemo/RPSpinnerDemo-Prefix.pch";
				INFOPLIST_FILE = "RPSpinnerDemo/RPSpinnerDemo-Info.plist";
				PRODUCT_NAME = "$(TARGET_NAME)";
				WRAPPER_EXTENSION = app;
			};
			name = Release;
		};
/* End XCBuildConfiguration section */

/* Begin XCConfigurationList section */
		EFA7D23B156814D500F78B63 /* Build configuration list for PBXProject "RPSpinnerDemo" */ = {
			isa = XCConfigurationList;
			buildConfigurations = (
				EFA7D260156814D500F78B63 /* Debug */,
				EFA7D261156814D500F78B63 /* Release */,
			);
			defaultConfigurationIsVisible = 0;
			defaultConfigurationName = Release;
		};
		EFA7D262156814D500F78B63 /* Build configuration list for PBXNativeTarget "RPSpinnerDemo" */ = {
			isa = XCConfigurationList;
			buildConfigurations = (
				EFA7D263156814D500F78B63 /* Debug */,
				EFA7D264156814D500F78B63 /* Release */,
			);
			defaultConfigurationIsVisible = 0;
		};
/* End XCConfigurationList section */
	};
	rootObject = EFA7D238156814D500F78B63 /* Project object */;
}
